
Microsoft Visual Studio Solution File, Format Version 12.00
# Visual Studio Version 17
VisualStudioVersion = 17.11.35327.3
MinimumVisualStudioVersion = 10.0.40219.1
Project("{2150E333-8FDC-42A3-9474-1A3956D46DE8}") = "src", "src", "{E3FD35B1-DC18-417D-AF03-BA8FE5602F2D}"
EndProject
Project("{9A19103F-16F7-4668-BE54-9A1E7A4F7556}") = "EventDrivenDevelopment", "src\EventDrivenDevelopment\EventDrivenDevelopment.csproj", "{CDAD2128-F560-4523-83E7-0E3714B24A77}"
EndProject
Project("{9A19103F-16F7-4668-BE54-9A1E7A4F7556}") = "AspectOrientedPrograming", "src\AspectOrientedPrograming\AspectOrientedPrograming.csproj", "{839CA067-47FA-40F5-A59A-169277FBC6EC}"
EndProject
Project("{2150E333-8FDC-42A3-9474-1A3956D46DE8}") = "libs", "libs", "{F2EFFBDD-60BC-43F7-BDFB-5FB390CE12D1}"
EndProject
Project("{9A19103F-16F7-4668-BE54-9A1E7A4F7556}") = "Aspect.Core", "libs\Aspect.Core\Aspect.Core.csproj", "{33A88FEC-4EE9-4049-B452-7D7CE21CDA66}"
EndProject
Project("{9A19103F-16F7-4668-BE54-9A1E7A4F7556}") = "BussinessLayer", "libs\BussinessLayer\BussinessLayer.csproj", "{CD7AAF93-98A2-4AE0-A22C-47D61896F4E8}"
EndProject
Project("{FAE04EC0-301F-11D3-BF4B-00C04F79EFBC}") = "UnitTestSample", "libs\UnitTestSample\UnitTestSample.csproj", "{F7C289E7-5907-49C6-B750-A13DA7243EDF}"
EndProject
Project("{2150E333-8FDC-42A3-9474-1A3956D46DE8}") = "tests", "tests", "{449CB9BF-284F-4FAD-A61B-FD2B2414209F}"
EndProject
Project("{FAE04EC0-301F-11D3-BF4B-00C04F79EFBC}") = "UnitTestSample.Test", "tests\UnitTestSample.Test\UnitTestSample.Test.csproj", "{038EFF07-5938-4F9F-A265-BE211B0E035E}"
EndProject
Global
	GlobalSection(SolutionConfigurationPlatforms) = preSolution
		Debug|Any CPU = Debug|Any CPU
		Release|Any CPU = Release|Any CPU
	EndGlobalSection
	GlobalSection(ProjectConfigurationPlatforms) = postSolution
		{CDAD2128-F560-4523-83E7-0E3714B24A77}.Debug|Any CPU.ActiveCfg = Debug|Any CPU
		{CDAD2128-F560-4523-83E7-0E3714B24A77}.Debug|Any CPU.Build.0 = Debug|Any CPU
		{CDAD2128-F560-4523-83E7-0E3714B24A77}.Release|Any CPU.ActiveCfg = Release|Any CPU
		{CDAD2128-F560-4523-83E7-0E3714B24A77}.Release|Any CPU.Build.0 = Release|Any CPU
		{839CA067-47FA-40F5-A59A-169277FBC6EC}.Debug|Any CPU.ActiveCfg = Debug|Any CPU
		{839CA067-47FA-40F5-A59A-169277FBC6EC}.Debug|Any CPU.Build.0 = Debug|Any CPU
		{839CA067-47FA-40F5-A59A-169277FBC6EC}.Release|Any CPU.ActiveCfg = Release|Any CPU
		{839CA067-47FA-40F5-A59A-169277FBC6EC}.Release|Any CPU.Build.0 = Release|Any CPU
		{33A88FEC-4EE9-4049-B452-7D7CE21CDA66}.Debug|Any CPU.ActiveCfg = Debug|Any CPU
		{33A88FEC-4EE9-4049-B452-7D7CE21CDA66}.Debug|Any CPU.Build.0 = Debug|Any CPU
		{33A88FEC-4EE9-4049-B452-7D7CE21CDA66}.Release|Any CPU.ActiveCfg = Release|Any CPU
		{33A88FEC-4EE9-4049-B452-7D7CE21CDA66}.Release|Any CPU.Build.0 = Release|Any CPU
		{CD7AAF93-98A2-4AE0-A22C-47D61896F4E8}.Debug|Any CPU.ActiveCfg = Debug|Any CPU
		{CD7AAF93-98A2-4AE0-A22C-47D61896F4E8}.Debug|Any CPU.Build.0 = Debug|Any CPU
		{CD7AAF93-98A2-4AE0-A22C-47D61896F4E8}.Release|Any CPU.ActiveCfg = Release|Any CPU
		{CD7AAF93-98A2-4AE0-A22C-47D61896F4E8}.Release|Any CPU.Build.0 = Release|Any CPU
		{F7C289E7-5907-49C6-B750-A13DA7243EDF}.Debug|Any CPU.ActiveCfg = Debug|Any CPU
		{F7C289E7-5907-49C6-B750-A13DA7243EDF}.Debug|Any CPU.Build.0 = Debug|Any CPU
		{F7C289E7-5907-49C6-B750-A13DA7243EDF}.Release|Any CPU.ActiveCfg = Release|Any CPU
		{F7C289E7-5907-49C6-B750-A13DA7243EDF}.Release|Any CPU.Build.0 = Release|Any CPU
		{038EFF07-5938-4F9F-A265-BE211B0E035E}.Debug|Any CPU.ActiveCfg = Debug|Any CPU
		{038EFF07-5938-4F9F-A265-BE211B0E035E}.Debug|Any CPU.Build.0 = Debug|Any CPU
		{038EFF07-5938-4F9F-A265-BE211B0E035E}.Release|Any CPU.ActiveCfg = Release|Any CPU
		{038EFF07-5938-4F9F-A265-BE211B0E035E}.Release|Any CPU.Build.0 = Release|Any CPU
	EndGlobalSection
	GlobalSection(SolutionProperties) = preSolution
		HideSolutionNode = FALSE
	EndGlobalSection
	GlobalSection(NestedProjects) = preSolution
		{CDAD2128-F560-4523-83E7-0E3714B24A77} = {E3FD35B1-DC18-417D-AF03-BA8FE5602F2D}
		{839CA067-47FA-40F5-A59A-169277FBC6EC} = {E3FD35B1-DC18-417D-AF03-BA8FE5602F2D}
		{33A88FEC-4EE9-4049-B452-7D7CE21CDA66} = {F2EFFBDD-60BC-43F7-BDFB-5FB390CE12D1}
		{CD7AAF93-98A2-4AE0-A22C-47D61896F4E8} = {F2EFFBDD-60BC-43F7-BDFB-5FB390CE12D1}
		{F7C289E7-5907-49C6-B750-A13DA7243EDF} = {F2EFFBDD-60BC-43F7-BDFB-5FB390CE12D1}
		{038EFF07-5938-4F9F-A265-BE211B0E035E} = {449CB9BF-284F-4FAD-A61B-FD2B2414209F}
	EndGlobalSection
	GlobalSection(ExtensibilityGlobals) = postSolution
		SolutionGuid = {A8A67C42-ACE2-4359-8DF6-92EAE7FE4471}
	EndGlobalSection
EndGlobal
